
Microsoft Visual Studio Solution File, Format Version 12.00
# Visual Studio Version 17
VisualStudioVersion = 17.2.32630.192
MinimumVisualStudioVersion = 10.0.40219.1
Project("{9A19103F-16F7-4668-BE54-9A1E7A4F7556}") = "Klocuchy", "Klocuchy.csproj", "{A2248991-9EA6-4056-8CEA-3EC8A90275C9}"
EndProject
Global
	GlobalSection(SolutionConfigurationPlatforms) = preSolution
		Debug|Any CPU = Debug|Any CPU
		ExportDebug|Any CPU = ExportDebug|Any CPU
		ExportRelease|Any CPU = ExportRelease|Any CPU
	EndGlobalSection
	GlobalSection(ProjectConfigurationPlatforms) = postSolution
		{A2248991-9EA6-4056-8CEA-3EC8A90275C9}.Debug|Any CPU.ActiveCfg = Debug|Any CPU
		{A2248991-9EA6-4056-8CEA-3EC8A90275C9}.Debug|Any CPU.Build.0 = Debug|Any CPU
		{A2248991-9EA6-4056-8CEA-3EC8A90275C9}.ExportDebug|Any CPU.ActiveCfg = ExportDebug|Any CPU
		{A2248991-9EA6-4056-8CEA-3EC8A90275C9}.ExportDebug|Any CPU.Build.0 = ExportDebug|Any CPU
		{A2248991-9EA6-4056-8CEA-3EC8A90275C9}.ExportRelease|Any CPU.ActiveCfg = ExportRelease|Any CPU
		{A2248991-9EA6-4056-8CEA-3EC8A90275C9}.ExportRelease|Any CPU.Build.0 = ExportRelease|Any CPU
	EndGlobalSection
	GlobalSection(SolutionProperties) = preSolution
		HideSolutionNode = FALSE
	EndGlobalSection
	GlobalSection(ExtensibilityGlobals) = postSolution
		SolutionGuid = {2973CC71-BA76-46DD-80F3-CA50DD472876}
	EndGlobalSection
EndGlobal
